
Microsoft Visual Studio Solution File, Format Version 12.00
# Visual Studio 15
VisualStudioVersion = 15.0.27004.2006
MinimumVisualStudioVersion = 10.0.40219.1
Project("{FAE04EC0-301F-11D3-BF4B-00C04F79EFBC}") = "BLL", "BLL\BLL.csproj", "{38D7AA58-C95B-449B-86C6-A8073A56E11F}"
EndProject
Project("{FAE04EC0-301F-11D3-BF4B-00C04F79EFBC}") = "Model", "Model\Model.csproj", "{53995DBB-9836-4647-AD22-865884FDEB9E}"
EndProject
Project("{FAE04EC0-301F-11D3-BF4B-00C04F79EFBC}") = "DAL", "DAL\DAL.csproj", "{9FE00521-3A8B-42B1-814E-585E99407B2E}"
EndProject
Project("{FAE04EC0-301F-11D3-BF4B-00C04F79EFBC}") = "DBUtility", "DBUtility\DBUtility.csproj", "{0988C62E-247F-471F-A183-DB509C7A3839}"
EndProject
Project("{E24C65DC-7377-472B-9ABA-BC803B73C61A}") = "Server", "Server\", "{4A732FB2-AFC3-495C-A8A2-9E52B3519E01}"
	ProjectSection(WebsiteProperties) = preProject
		TargetFrameworkMoniker = ".NETFramework,Version%3Dv4.0"
		ProjectReferences = "{38D7AA58-C95B-449B-86C6-A8073A56E11F}|Expense.BLL.dll;{53995DBB-9836-4647-AD22-865884FDEB9E}|Expense.Model.dll;{56f2fc5e-90af-4f43-9d1f-657d11a41952}|Message.dll;{9FE00521-3A8B-42B1-814E-585E99407B2E}|Expense.DAL.dll;{0988C62E-247F-471F-A183-DB509C7A3839}|Expense.DBUtility.dll;"
		Debug.AspNetCompiler.VirtualPath = "/localhost_54697"
		Debug.AspNetCompiler.PhysicalPath = "Server\"
		Debug.AspNetCompiler.TargetPath = "PrecompiledWeb\localhost_54697\"
		Debug.AspNetCompiler.Updateable = "true"
		Debug.AspNetCompiler.ForceOverwrite = "true"
		Debug.AspNetCompiler.FixedNames = "false"
		Debug.AspNetCompiler.Debug = "True"
		Release.AspNetCompiler.VirtualPath = "/localhost_54697"
		Release.AspNetCompiler.PhysicalPath = "Server\"
		Release.AspNetCompiler.TargetPath = "PrecompiledWeb\localhost_54697\"
		Release.AspNetCompiler.Updateable = "true"
		Release.AspNetCompiler.ForceOverwrite = "true"
		Release.AspNetCompiler.FixedNames = "false"
		Release.AspNetCompiler.Debug = "False"
		VWDPort = "54697"
		SlnRelativePath = "Server\"
	EndProjectSection
EndProject
Project("{FAE04EC0-301F-11D3-BF4B-00C04F79EFBC}") = "Message", "Message\Message.csproj", "{56F2FC5E-90AF-4F43-9D1F-657D11A41952}"
EndProject
Global
	GlobalSection(SolutionConfigurationPlatforms) = preSolution
		Debug|.NET = Debug|.NET
		Debug|Any CPU = Debug|Any CPU
		Debug|Mixed Platforms = Debug|Mixed Platforms
		Release|.NET = Release|.NET
		Release|Any CPU = Release|Any CPU
		Release|Mixed Platforms = Release|Mixed Platforms
	EndGlobalSection
	GlobalSection(ProjectConfigurationPlatforms) = postSolution
		{38D7AA58-C95B-449B-86C6-A8073A56E11F}.Debug|.NET.ActiveCfg = Debug|Any CPU
		{38D7AA58-C95B-449B-86C6-A8073A56E11F}.Debug|Any CPU.ActiveCfg = Debug|Any CPU
		{38D7AA58-C95B-449B-86C6-A8073A56E11F}.Debug|Any CPU.Build.0 = Debug|Any CPU
		{38D7AA58-C95B-449B-86C6-A8073A56E11F}.Debug|Mixed Platforms.ActiveCfg = Debug|Any CPU
		{38D7AA58-C95B-449B-86C6-A8073A56E11F}.Debug|Mixed Platforms.Build.0 = Debug|Any CPU
		{38D7AA58-C95B-449B-86C6-A8073A56E11F}.Release|.NET.ActiveCfg = Release|Any CPU
		{38D7AA58-C95B-449B-86C6-A8073A56E11F}.Release|Any CPU.ActiveCfg = Release|Any CPU
		{38D7AA58-C95B-449B-86C6-A8073A56E11F}.Release|Any CPU.Build.0 = Release|Any CPU
		{38D7AA58-C95B-449B-86C6-A8073A56E11F}.Release|Mixed Platforms.ActiveCfg = Release|Any CPU
		{38D7AA58-C95B-449B-86C6-A8073A56E11F}.Release|Mixed Platforms.Build.0 = Release|Any CPU
		{53995DBB-9836-4647-AD22-865884FDEB9E}.Debug|.NET.ActiveCfg = Debug|Any CPU
		{53995DBB-9836-4647-AD22-865884FDEB9E}.Debug|Any CPU.ActiveCfg = Debug|Any CPU
		{53995DBB-9836-4647-AD22-865884FDEB9E}.Debug|Any CPU.Build.0 = Debug|Any CPU
		{53995DBB-9836-4647-AD22-865884FDEB9E}.Debug|Mixed Platforms.ActiveCfg = Debug|Any CPU
		{53995DBB-9836-4647-AD22-865884FDEB9E}.Debug|Mixed Platforms.Build.0 = Debug|Any CPU
		{53995DBB-9836-4647-AD22-865884FDEB9E}.Release|.NET.ActiveCfg = Release|Any CPU
		{53995DBB-9836-4647-AD22-865884FDEB9E}.Release|Any CPU.ActiveCfg = Release|Any CPU
		{53995DBB-9836-4647-AD22-865884FDEB9E}.Release|Any CPU.Build.0 = Release|Any CPU
		{53995DBB-9836-4647-AD22-865884FDEB9E}.Release|Mixed Platforms.ActiveCfg = Release|Any CPU
		{53995DBB-9836-4647-AD22-865884FDEB9E}.Release|Mixed Platforms.Build.0 = Release|Any CPU
		{9FE00521-3A8B-42B1-814E-585E99407B2E}.Debug|.NET.ActiveCfg = Debug|Any CPU
		{9FE00521-3A8B-42B1-814E-585E99407B2E}.Debug|Any CPU.ActiveCfg = Debug|Any CPU
		{9FE00521-3A8B-42B1-814E-585E99407B2E}.Debug|Any CPU.Build.0 = Debug|Any CPU
		{9FE00521-3A8B-42B1-814E-585E99407B2E}.Debug|Mixed Platforms.ActiveCfg = Debug|Any CPU
		{9FE00521-3A8B-42B1-814E-585E99407B2E}.Debug|Mixed Platforms.Build.0 = Debug|Any CPU
		{9FE00521-3A8B-42B1-814E-585E99407B2E}.Release|.NET.ActiveCfg = Release|Any CPU
		{9FE00521-3A8B-42B1-814E-585E99407B2E}.Release|Any CPU.ActiveCfg = Release|Any CPU
		{9FE00521-3A8B-42B1-814E-585E99407B2E}.Release|Any CPU.Build.0 = Release|Any CPU
		{9FE00521-3A8B-42B1-814E-585E99407B2E}.Release|Mixed Platforms.ActiveCfg = Release|Any CPU
		{9FE00521-3A8B-42B1-814E-585E99407B2E}.Release|Mixed Platforms.Build.0 = Release|Any CPU
		{0988C62E-247F-471F-A183-DB509C7A3839}.Debug|.NET.ActiveCfg = Debug|Any CPU
		{0988C62E-247F-471F-A183-DB509C7A3839}.Debug|Any CPU.ActiveCfg = Debug|Any CPU
		{0988C62E-247F-471F-A183-DB509C7A3839}.Debug|Any CPU.Build.0 = Debug|Any CPU
		{0988C62E-247F-471F-A183-DB509C7A3839}.Debug|Mixed Platforms.ActiveCfg = Debug|Any CPU
		{0988C62E-247F-471F-A183-DB509C7A3839}.Debug|Mixed Platforms.Build.0 = Debug|Any CPU
		{0988C62E-247F-471F-A183-DB509C7A3839}.Release|.NET.ActiveCfg = Release|Any CPU
		{0988C62E-247F-471F-A183-DB509C7A3839}.Release|Any CPU.ActiveCfg = Release|Any CPU
		{0988C62E-247F-471F-A183-DB509C7A3839}.Release|Any CPU.Build.0 = Release|Any CPU
		{0988C62E-247F-471F-A183-DB509C7A3839}.Release|Mixed Platforms.ActiveCfg = Release|Any CPU
		{0988C62E-247F-471F-A183-DB509C7A3839}.Release|Mixed Platforms.Build.0 = Release|Any CPU
		{4A732FB2-AFC3-495C-A8A2-9E52B3519E01}.Debug|.NET.ActiveCfg = Debug|Any CPU
		{4A732FB2-AFC3-495C-A8A2-9E52B3519E01}.Debug|.NET.Build.0 = Debug|Any CPU
		{4A732FB2-AFC3-495C-A8A2-9E52B3519E01}.Debug|Any CPU.ActiveCfg = Debug|Any CPU
		{4A732FB2-AFC3-495C-A8A2-9E52B3519E01}.Debug|Any CPU.Build.0 = Debug|Any CPU
		{4A732FB2-AFC3-495C-A8A2-9E52B3519E01}.Debug|Mixed Platforms.ActiveCfg = Debug|Any CPU
		{4A732FB2-AFC3-495C-A8A2-9E52B3519E01}.Debug|Mixed Platforms.Build.0 = Debug|Any CPU
		{4A732FB2-AFC3-495C-A8A2-9E52B3519E01}.Release|.NET.ActiveCfg = Debug|Any CPU
		{4A732FB2-AFC3-495C-A8A2-9E52B3519E01}.Release|.NET.Build.0 = Debug|Any CPU
		{4A732FB2-AFC3-495C-A8A2-9E52B3519E01}.Release|Any CPU.ActiveCfg = Debug|Any CPU
		{4A732FB2-AFC3-495C-A8A2-9E52B3519E01}.Release|Any CPU.Build.0 = Debug|Any CPU
		{4A732FB2-AFC3-495C-A8A2-9E52B3519E01}.Release|Mixed Platforms.ActiveCfg = Debug|Any CPU
		{4A732FB2-AFC3-495C-A8A2-9E52B3519E01}.Release|Mixed Platforms.Build.0 = Debug|Any CPU
		{56F2FC5E-90AF-4F43-9D1F-657D11A41952}.Debug|.NET.ActiveCfg = Debug|Any CPU
		{56F2FC5E-90AF-4F43-9D1F-657D11A41952}.Debug|Any CPU.ActiveCfg = Debug|Any CPU
		{56F2FC5E-90AF-4F43-9D1F-657D11A41952}.Debug|Any CPU.Build.0 = Debug|Any CPU
		{56F2FC5E-90AF-4F43-9D1F-657D11A41952}.Debug|Mixed Platforms.ActiveCfg = Debug|Any CPU
		{56F2FC5E-90AF-4F43-9D1F-657D11A41952}.Debug|Mixed Platforms.Build.0 = Debug|Any CPU
		{56F2FC5E-90AF-4F43-9D1F-657D11A41952}.Release|.NET.ActiveCfg = Release|Any CPU
		{56F2FC5E-90AF-4F43-9D1F-657D11A41952}.Release|Any CPU.ActiveCfg = Release|Any CPU
		{56F2FC5E-90AF-4F43-9D1F-657D11A41952}.Release|Any CPU.Build.0 = Release|Any CPU
		{56F2FC5E-90AF-4F43-9D1F-657D11A41952}.Release|Mixed Platforms.ActiveCfg = Release|Any CPU
		{56F2FC5E-90AF-4F43-9D1F-657D11A41952}.Release|Mixed Platforms.Build.0 = Release|Any CPU
	EndGlobalSection
	GlobalSection(SolutionProperties) = preSolution
		HideSolutionNode = FALSE
	EndGlobalSection
	GlobalSection(ExtensibilityGlobals) = postSolution
		SolutionGuid = {E5AF7EC2-DEEF-4DAA-98EC-80466B43E3F1}
	EndGlobalSection
EndGlobal
